
Microsoft Visual Studio Solution File, Format Version 12.00
# Visual Studio Version 17
VisualStudioVersion = 17.9.34616.47
MinimumVisualStudioVersion = 10.0.40219.1
Project("{FAE04EC0-301F-11D3-BF4B-00C04F79EFBC}") = "ProyectoDeCsharp", "ProyectoDeCsharp.csproj", "{34606B9A-E505-40D2-8944-7F14F5D969DA}"
EndProject
Global
	GlobalSection(SolutionConfigurationPlatforms) = preSolution
		Debug|Any CPU = Debug|Any CPU
		Release|Any CPU = Release|Any CPU
	EndGlobalSection
	GlobalSection(ProjectConfigurationPlatforms) = postSolution
		{34606B9A-E505-40D2-8944-7F14F5D969DA}.Debug|Any CPU.ActiveCfg = Debug|Any CPU
		{34606B9A-E505-40D2-8944-7F14F5D969DA}.Debug|Any CPU.Build.0 = Debug|Any CPU
		{34606B9A-E505-40D2-8944-7F14F5D969DA}.Release|Any CPU.ActiveCfg = Release|Any CPU
		{34606B9A-E505-40D2-8944-7F14F5D969DA}.Release|Any CPU.Build.0 = Release|Any CPU
	EndGlobalSection
	GlobalSection(SolutionProperties) = preSolution
		HideSolutionNode = FALSE
	EndGlobalSection
	GlobalSection(ExtensibilityGlobals) = postSolution
		SolutionGuid = {5FEE97EB-B5B5-4912-85F8-9E4F68E647F4}
	EndGlobalSection
EndGlobal
